
Microsoft Visual Studio Solution File, Format Version 12.00
# Visual Studio 2012
VisualStudioVersion = 15.0.36617.4
MinimumVisualStudioVersion = 10.0.40219.1
Project("{FAE04EC0-301F-11D3-BF4B-00C04F79EFBC}") = "CASDesignerToolkit", "CASDesignerToolkit\CASDesignerToolkit.csproj", "{6D08DD91-7AE1-4A4C-B81D-DC9DEE93CF24}"
EndProject
Project("{FAE04EC0-301F-11D3-BF4B-00C04F79EFBC}") = "Destrospean.CmarNYCBorrowed", "Destrospean.CmarNYCBorrowed\Destrospean.CmarNYCBorrowed.csproj", "{1DAE5711-35BA-4DF3-B392-68DAAAC3A5FD}"
EndProject
Project("{FAE04EC0-301F-11D3-BF4B-00C04F79EFBC}") = "Destrospean.S3PIExtensions", "Destrospean.S3PIExtensions\Destrospean.S3PIExtensions.csproj", "{27A16A39-0FCB-4861-A86A-EE354EAE90F0}"
EndProject
Project("{FAE04EC0-301F-11D3-BF4B-00C04F79EFBC}") = "Destrospean.Common", "Destrospean.Common\Destrospean.Common.csproj", "{87A5463F-B4DF-4EB0-8970-17A07DF714B1}"
EndProject
Project("{FAE04EC0-301F-11D3-BF4B-00C04F79EFBC}") = "Destrospean.Graphics.OpenGL", "Destrospean.Graphics.OpenGL\Destrospean.Graphics.OpenGL.csproj", "{C57F798A-17AB-41FF-99D3-7C8D651F3C3C}"
EndProject
Project("{FAE04EC0-301F-11D3-BF4B-00C04F79EFBC}") = "Destrospean.UI.GTKSharp", "Destrospean.UI.GTKSharp\Destrospean.UI.GTKSharp.csproj", "{6D08DD91-7AE1-4A4C-B81D-DC9DEE93CF25}"
EndProject
Project("{FAE04EC0-301F-11D3-BF4B-00C04F79EFBC}") = "Destrospean.zoeoeBorrowed", "Destrospean.zoeoeBorrowed\Destrospean.zoeoeBorrowed.csproj", "{BBC006B1-F627-47D2-B616-9C1D5C7F5C03}"
EndProject
Project("{FAE04EC0-301F-11D3-BF4B-00C04F79EFBC}") = "Destrospean.Updates", "Destrospean.Updates\Destrospean.Updates.csproj", "{05ED9D73-E007-4B3C-AF08-D9689CF7398C}"
EndProject
Project("{FAE04EC0-301F-11D3-BF4B-00C04F79EFBC}") = "System.Destrospean", "System.Destrospean\System.Destrospean.csproj", "{3FAF89EA-38D9-42C1-B3F4-75EAED40570A}"
EndProject
Project("{FAE04EC0-301F-11D3-BF4B-00C04F79EFBC}") = "CASDTKUpdater", "CASDTKUpdater\CASDTKUpdater.csproj", "{0FDDBF11-11B3-452D-AAB3-11F6B9EAC7C7}"
EndProject
Project("{2150E333-8FDC-42A3-9474-1A3956D46DE8}") = "s3pi", "s3pi", "{BB9AA113-C00B-491B-9A18-1545A767C0FC}"
EndProject
Project("{FAE04EC0-301F-11D3-BF4B-00C04F79EFBC}") = "Interfaces", "sims3-package-interface\s3pi\s3pi\Interfaces\Interfaces.csproj", "{51023BD2-9139-438D-B794-95E5EC023537}"
EndProject
Project("{FAE04EC0-301F-11D3-BF4B-00C04F79EFBC}") = "CS System Classes", "sims3-package-interface\s3pi\CS System Classes\CS System Classes.csproj", "{00200E76-C245-42A7-B567-5C30EDBCE977}"
EndProject
Project("{FAE04EC0-301F-11D3-BF4B-00C04F79EFBC}") = "Settings", "sims3-package-interface\s3pi\s3pi\Settings\Settings.csproj", "{374F37CF-1F27-4613-96FD-9B956A3D82B1}"
EndProject
Project("{FAE04EC0-301F-11D3-BF4B-00C04F79EFBC}") = "Package", "sims3-package-interface\s3pi\s3pi\Package\Package.csproj", "{9D8BB6F7-373E-4FBC-B5E8-9709B4CE9A37}"
EndProject
Project("{FAE04EC0-301F-11D3-BF4B-00C04F79EFBC}") = "GenericRCOLResource", "sims3-package-interface\s3pi\s3pi Wrappers\GenericRCOLResource\GenericRCOLResource.csproj", "{47693A2A-1F86-47CA-A170-CC0C195A53B7}"
EndProject
Project("{FAE04EC0-301F-11D3-BF4B-00C04F79EFBC}") = "DefaultResource", "sims3-package-interface\s3pi\s3pi Wrappers\DefaultResource\DefaultResource.csproj", "{06330E2B-9F3F-4A45-8B47-11795F5100FB}"
EndProject
Project("{FAE04EC0-301F-11D3-BF4B-00C04F79EFBC}") = "s3piRCOLChunks", "sims3-package-interface\s3pi\s3pi Wrappers\s3piRCOLChunks\s3piRCOLChunks.csproj", "{F2E30D04-82C7-487F-B9E8-E8BABB1C94E1}"
EndProject
Project("{FAE04EC0-301F-11D3-BF4B-00C04F79EFBC}") = "MeshChunks", "sims3-package-interface\s3pi\s3pi Wrappers\MeshChunks\MeshChunks.csproj", "{B1E4D2EC-5027-4F44-8C46-A0485DFF7060}"
EndProject
Project("{FAE04EC0-301F-11D3-BF4B-00C04F79EFBC}") = "ComplateResource", "sims3-package-interface\s3pi\s3pi Wrappers\ComplateResource\ComplateResource.csproj", "{513B8C1F-2BE4-46D6-B95D-836A1F36855E}"
EndProject
Project("{FAE04EC0-301F-11D3-BF4B-00C04F79EFBC}") = "CatalogResource", "sims3-package-interface\s3pi\s3pi Wrappers\CatalogResource\CatalogResource.csproj", "{0E257AB5-B560-462B-8B6C-631A90380D9E}"
EndProject
Project("{FAE04EC0-301F-11D3-BF4B-00C04F79EFBC}") = "CASPartResource", "sims3-package-interface\s3pi\s3pi Wrappers\CASPartResource\CASPartResource.csproj", "{38D21F02-C139-43C8-8B74-D84E22B89F50}"
EndProject
Project("{FAE04EC0-301F-11D3-BF4B-00C04F79EFBC}") = "NameMapResource", "sims3-package-interface\s3pi\s3pi Wrappers\NameMapResource\NameMapResource.csproj", "{5B43F245-AB0D-49FA-BC1E-1168103C7522}"
EndProject
Project("{FAE04EC0-301F-11D3-BF4B-00C04F79EFBC}") = "ModularResource", "sims3-package-interface\s3pi\s3pi Wrappers\ModularResource\ModularResource.csproj", "{4C8EEE00-88BB-4A22-BEB2-68245D98CB78}"
EndProject
Project("{FAE04EC0-301F-11D3-BF4B-00C04F79EFBC}") = "ObjKeyResource", "sims3-package-interface\s3pi\s3pi Wrappers\ObjKeyResource\ObjKeyResource.csproj", "{C0297A33-3628-46E9-9324-408A72E2E922}"
EndProject
Project("{FAE04EC0-301F-11D3-BF4B-00C04F79EFBC}") = "StblResource", "sims3-package-interface\s3pi\s3pi Wrappers\StblResource\StblResource.csproj", "{672D72EC-89DA-4EF3-88CC-BEEC5BA478B2}"
EndProject
Project("{FAE04EC0-301F-11D3-BF4B-00C04F79EFBC}") = "TxtcResource", "sims3-package-interface\s3pi\s3pi Wrappers\TxtcResource\TxtcResource.csproj", "{264DE8C9-33D0-451E-9067-8BA0CF2BFACE}"
EndProject
Project("{FAE04EC0-301F-11D3-BF4B-00C04F79EFBC}") = "Extensions", "sims3-package-interface\s3pi\s3pi Extras\Extensions\Extensions.csproj", "{9B4C57BA-E09F-4439-98B4-B9B535A4ABF6}"
EndProject
Project("{FAE04EC0-301F-11D3-BF4B-00C04F79EFBC}") = "Filetable", "sims3-package-interface\s3pi\s3pi Extras\Filetable\Filetable.csproj", "{FEAA8674-9363-4BC7-B016-7BE984A2D185}"
EndProject
Project("{FAE04EC0-301F-11D3-BF4B-00C04F79EFBC}") = "WrapperDealer", "sims3-package-interface\s3pi\s3pi\WrapperDealer\WrapperDealer.csproj", "{FE111523-3266-409B-BC72-F8D4A909A554}"
EndProject
Project("{FAE04EC0-301F-11D3-BF4B-00C04F79EFBC}") = "NGMPHashMapResource", "sims3-package-interface\s3pi\s3pi Wrappers\NGMPHashMapResource\NGMPHashMapResource.csproj", "{F9D57571-FB42-455D-96DA-E1E11347A664}"
EndProject
Project("{FAE04EC0-301F-11D3-BF4B-00C04F79EFBC}") = "RigResource", "sims3-package-interface\s3pi\s3pi Wrappers\RigResource\RigResource.csproj", "{77AD91D9-4BD8-4899-9308-E6209265F636}"
EndProject
Project("{FAE04EC0-301F-11D3-BF4B-00C04F79EFBC}") = "JazzResource", "sims3-package-interface\s3pi\s3pi Wrappers\JazzResource\JazzResource.csproj", "{7AFF0D94-4F70-4A1B-842C-24EA613807B7}"
EndProject
Project("{FAE04EC0-301F-11D3-BF4B-00C04F79EFBC}") = "ScriptResource", "sims3-package-interface\s3pi\s3pi Wrappers\ScriptResource\ScriptResource.csproj", "{660E9B93-FECD-4C76-893C-F9E63ADD708E}"
EndProject
Project("{FAE04EC0-301F-11D3-BF4B-00C04F79EFBC}") = "UserCAStPresetResource", "sims3-package-interface\s3pi\s3pi Wrappers\UserCAStPresetResource\UserCAStPresetResource.csproj", "{FFD7447B-FE8C-4FD6-9E5B-7B960DCB2A9C}"
EndProject
Global
	GlobalSection(SolutionConfigurationPlatforms) = preSolution
		Debug|Any CPU = Debug|Any CPU
		Debug|x86 = Debug|x86
		Default|Any CPU = Default|Any CPU
		Default|x86 = Default|x86
		Release|Any CPU = Release|Any CPU
		Release|x86 = Release|x86
	EndGlobalSection
	GlobalSection(ProjectConfigurationPlatforms) = postSolution
		{00200E76-C245-42A7-B567-5C30EDBCE977}.Debug|Any CPU.ActiveCfg = Debug|Any CPU
		{00200E76-C245-42A7-B567-5C30EDBCE977}.Debug|Any CPU.Build.0 = Debug|Any CPU
		{00200E76-C245-42A7-B567-5C30EDBCE977}.Debug|x86.ActiveCfg = Debug|Any CPU
		{00200E76-C245-42A7-B567-5C30EDBCE977}.Debug|x86.Build.0 = Debug|Any CPU
		{00200E76-C245-42A7-B567-5C30EDBCE977}.Default|Any CPU.ActiveCfg = Debug|Any CPU
		{00200E76-C245-42A7-B567-5C30EDBCE977}.Default|Any CPU.Build.0 = Debug|Any CPU
		{00200E76-C245-42A7-B567-5C30EDBCE977}.Default|x86.ActiveCfg = Debug|Any CPU
		{00200E76-C245-42A7-B567-5C30EDBCE977}.Default|x86.Build.0 = Debug|Any CPU
		{00200E76-C245-42A7-B567-5C30EDBCE977}.Release|Any CPU.ActiveCfg = Release|Any CPU
		{00200E76-C245-42A7-B567-5C30EDBCE977}.Release|Any CPU.Build.0 = Release|Any CPU
		{00200E76-C245-42A7-B567-5C30EDBCE977}.Release|x86.ActiveCfg = Release|Any CPU
		{00200E76-C245-42A7-B567-5C30EDBCE977}.Release|x86.Build.0 = Release|Any CPU
		{05ED9D73-E007-4B3C-AF08-D9689CF7398C}.Debug|Any CPU.ActiveCfg = Debug|Any CPU
		{05ED9D73-E007-4B3C-AF08-D9689CF7398C}.Debug|Any CPU.Build.0 = Debug|Any CPU
		{05ED9D73-E007-4B3C-AF08-D9689CF7398C}.Debug|x86.ActiveCfg = Debug|Any CPU
		{05ED9D73-E007-4B3C-AF08-D9689CF7398C}.Debug|x86.Build.0 = Debug|Any CPU
		{05ED9D73-E007-4B3C-AF08-D9689CF7398C}.Default|Any CPU.ActiveCfg = Debug|Any CPU
		{05ED9D73-E007-4B3C-AF08-D9689CF7398C}.Default|Any CPU.Build.0 = Debug|Any CPU
		{05ED9D73-E007-4B3C-AF08-D9689CF7398C}.Default|x86.ActiveCfg = Debug|Any CPU
		{05ED9D73-E007-4B3C-AF08-D9689CF7398C}.Default|x86.Build.0 = Debug|Any CPU
		{05ED9D73-E007-4B3C-AF08-D9689CF7398C}.Release|Any CPU.ActiveCfg = Release|Any CPU
		{05ED9D73-E007-4B3C-AF08-D9689CF7398C}.Release|Any CPU.Build.0 = Release|Any CPU
		{05ED9D73-E007-4B3C-AF08-D9689CF7398C}.Release|x86.ActiveCfg = Release|Any CPU
		{05ED9D73-E007-4B3C-AF08-D9689CF7398C}.Release|x86.Build.0 = Release|Any CPU
		{06330E2B-9F3F-4A45-8B47-11795F5100FB}.Debug|Any CPU.ActiveCfg = Debug|Any CPU
		{06330E2B-9F3F-4A45-8B47-11795F5100FB}.Debug|Any CPU.Build.0 = Debug|Any CPU
		{06330E2B-9F3F-4A45-8B47-11795F5100FB}.Debug|x86.ActiveCfg = Debug|Any CPU
		{06330E2B-9F3F-4A45-8B47-11795F5100FB}.Debug|x86.Build.0 = Debug|Any CPU
		{06330E2B-9F3F-4A45-8B47-11795F5100FB}.Default|Any CPU.ActiveCfg = Debug|Any CPU
		{06330E2B-9F3F-4A45-8B47-11795F5100FB}.Default|Any CPU.Build.0 = Debug|Any CPU
		{06330E2B-9F3F-4A45-8B47-11795F5100FB}.Default|x86.ActiveCfg = Debug|Any CPU
		{06330E2B-9F3F-4A45-8B47-11795F5100FB}.Default|x86.Build.0 = Debug|Any CPU
		{06330E2B-9F3F-4A45-8B47-11795F5100FB}.Release|Any CPU.ActiveCfg = Release|Any CPU
		{06330E2B-9F3F-4A45-8B47-11795F5100FB}.Release|Any CPU.Build.0 = Release|Any CPU
		{06330E2B-9F3F-4A45-8B47-11795F5100FB}.Release|x86.ActiveCfg = Release|Any CPU
		{06330E2B-9F3F-4A45-8B47-11795F5100FB}.Release|x86.Build.0 = Release|Any CPU
		{0E257AB5-B560-462B-8B6C-631A90380D9E}.Debug|Any CPU.ActiveCfg = Debug|Any CPU
		{0E257AB5-B560-462B-8B6C-631A90380D9E}.Debug|Any CPU.Build.0 = Debug|Any CPU
		{0E257AB5-B560-462B-8B6C-631A90380D9E}.Debug|x86.ActiveCfg = Debug|Any CPU
		{0E257AB5-B560-462B-8B6C-631A90380D9E}.Debug|x86.Build.0 = Debug|Any CPU
		{0E257AB5-B560-462B-8B6C-631A90380D9E}.Default|Any CPU.ActiveCfg = Debug|Any CPU
		{0E257AB5-B560-462B-8B6C-631A90380D9E}.Default|Any CPU.Build.0 = Debug|Any CPU
		{0E257AB5-B560-462B-8B6C-631A90380D9E}.Default|x86.ActiveCfg = Debug|Any CPU
		{0E257AB5-B560-462B-8B6C-631A90380D9E}.Default|x86.Build.0 = Debug|Any CPU
		{0E257AB5-B560-462B-8B6C-631A90380D9E}.Release|Any CPU.ActiveCfg = Release|Any CPU
		{0E257AB5-B560-462B-8B6C-631A90380D9E}.Release|Any CPU.Build.0 = Release|Any CPU
		{0E257AB5-B560-462B-8B6C-631A90380D9E}.Release|x86.ActiveCfg = Release|Any CPU
		{0E257AB5-B560-462B-8B6C-631A90380D9E}.Release|x86.Build.0 = Release|Any CPU
		{0FDDBF11-11B3-452D-AAB3-11F6B9EAC7C7}.Debug|Any CPU.ActiveCfg = Debug|x86
		{0FDDBF11-11B3-452D-AAB3-11F6B9EAC7C7}.Debug|x86.ActiveCfg = Debug|x86
		{0FDDBF11-11B3-452D-AAB3-11F6B9EAC7C7}.Debug|x86.Build.0 = Debug|x86
		{0FDDBF11-11B3-452D-AAB3-11F6B9EAC7C7}.Default|Any CPU.ActiveCfg = Debug|x86
		{0FDDBF11-11B3-452D-AAB3-11F6B9EAC7C7}.Default|Any CPU.Build.0 = Debug|x86
		{0FDDBF11-11B3-452D-AAB3-11F6B9EAC7C7}.Default|x86.ActiveCfg = Debug|x86
		{0FDDBF11-11B3-452D-AAB3-11F6B9EAC7C7}.Default|x86.Build.0 = Debug|x86
		{0FDDBF11-11B3-452D-AAB3-11F6B9EAC7C7}.Release|Any CPU.ActiveCfg = Release|x86
		{0FDDBF11-11B3-452D-AAB3-11F6B9EAC7C7}.Release|x86.ActiveCfg = Release|x86
		{0FDDBF11-11B3-452D-AAB3-11F6B9EAC7C7}.Release|x86.Build.0 = Release|x86
		{1DAE5711-35BA-4DF3-B392-68DAAAC3A5FD}.Debug|Any CPU.ActiveCfg = Debug|Any CPU
		{1DAE5711-35BA-4DF3-B392-68DAAAC3A5FD}.Debug|Any CPU.Build.0 = Debug|Any CPU
		{1DAE5711-35BA-4DF3-B392-68DAAAC3A5FD}.Debug|x86.ActiveCfg = Debug|Any CPU
		{1DAE5711-35BA-4DF3-B392-68DAAAC3A5FD}.Debug|x86.Build.0 = Debug|Any CPU
		{1DAE5711-35BA-4DF3-B392-68DAAAC3A5FD}.Default|Any CPU.ActiveCfg = Debug|Any CPU
		{1DAE5711-35BA-4DF3-B392-68DAAAC3A5FD}.Default|Any CPU.Build.0 = Debug|Any CPU
		{1DAE5711-35BA-4DF3-B392-68DAAAC3A5FD}.Default|x86.ActiveCfg = Debug|Any CPU
		{1DAE5711-35BA-4DF3-B392-68DAAAC3A5FD}.Default|x86.Build.0 = Debug|Any CPU
		{1DAE5711-35BA-4DF3-B392-68DAAAC3A5FD}.Release|Any CPU.ActiveCfg = Release|Any CPU
		{1DAE5711-35BA-4DF3-B392-68DAAAC3A5FD}.Release|Any CPU.Build.0 = Release|Any CPU
		{1DAE5711-35BA-4DF3-B392-68DAAAC3A5FD}.Release|x86.ActiveCfg = Release|Any CPU
		{1DAE5711-35BA-4DF3-B392-68DAAAC3A5FD}.Release|x86.Build.0 = Release|Any CPU
		{264DE8C9-33D0-451E-9067-8BA0CF2BFACE}.Debug|Any CPU.ActiveCfg = Debug|Any CPU
		{264DE8C9-33D0-451E-9067-8BA0CF2BFACE}.Debug|Any CPU.Build.0 = Debug|Any CPU
		{264DE8C9-33D0-451E-9067-8BA0CF2BFACE}.Debug|x86.ActiveCfg = Debug|Any CPU
		{264DE8C9-33D0-451E-9067-8BA0CF2BFACE}.Debug|x86.Build.0 = Debug|Any CPU
		{264DE8C9-33D0-451E-9067-8BA0CF2BFACE}.Default|Any CPU.ActiveCfg = Debug|Any CPU
		{264DE8C9-33D0-451E-9067-8BA0CF2BFACE}.Default|Any CPU.Build.0 = Debug|Any CPU
		{264DE8C9-33D0-451E-9067-8BA0CF2BFACE}.Default|x86.ActiveCfg = Debug|Any CPU
		{264DE8C9-33D0-451E-9067-8BA0CF2BFACE}.Default|x86.Build.0 = Debug|Any CPU
		{264DE8C9-33D0-451E-9067-8BA0CF2BFACE}.Release|Any CPU.ActiveCfg = Release|Any CPU
		{264DE8C9-33D0-451E-9067-8BA0CF2BFACE}.Release|Any CPU.Build.0 = Release|Any CPU
		{264DE8C9-33D0-451E-9067-8BA0CF2BFACE}.Release|x86.ActiveCfg = Release|Any CPU
		{264DE8C9-33D0-451E-9067-8BA0CF2BFACE}.Release|x86.Build.0 = Release|Any CPU
		{27A16A39-0FCB-4861-A86A-EE354EAE90F0}.Debug|Any CPU.ActiveCfg = Debug|Any CPU
		{27A16A39-0FCB-4861-A86A-EE354EAE90F0}.Debug|Any CPU.Build.0 = Debug|Any CPU
		{27A16A39-0FCB-4861-A86A-EE354EAE90F0}.Debug|x86.ActiveCfg = Debug|Any CPU
		{27A16A39-0FCB-4861-A86A-EE354EAE90F0}.Debug|x86.Build.0 = Debug|Any CPU
		{27A16A39-0FCB-4861-A86A-EE354EAE90F0}.Default|Any CPU.ActiveCfg = Debug|Any CPU
		{27A16A39-0FCB-4861-A86A-EE354EAE90F0}.Default|Any CPU.Build.0 = Debug|Any CPU
		{27A16A39-0FCB-4861-A86A-EE354EAE90F0}.Default|x86.ActiveCfg = Debug|Any CPU
		{27A16A39-0FCB-4861-A86A-EE354EAE90F0}.Default|x86.Build.0 = Debug|Any CPU
		{27A16A39-0FCB-4861-A86A-EE354EAE90F0}.Release|Any CPU.ActiveCfg = Release|Any CPU
		{27A16A39-0FCB-4861-A86A-EE354EAE90F0}.Release|Any CPU.Build.0 = Release|Any CPU
		{27A16A39-0FCB-4861-A86A-EE354EAE90F0}.Release|x86.ActiveCfg = Release|Any CPU
		{27A16A39-0FCB-4861-A86A-EE354EAE90F0}.Release|x86.Build.0 = Release|Any CPU
		{374F37CF-1F27-4613-96FD-9B956A3D82B1}.Debug|Any CPU.ActiveCfg = Debug|Any CPU
		{374F37CF-1F27-4613-96FD-9B956A3D82B1}.Debug|Any CPU.Build.0 = Debug|Any CPU
		{374F37CF-1F27-4613-96FD-9B956A3D82B1}.Debug|x86.ActiveCfg = Debug|Any CPU
		{374F37CF-1F27-4613-96FD-9B956A3D82B1}.Debug|x86.Build.0 = Debug|Any CPU
		{374F37CF-1F27-4613-96FD-9B956A3D82B1}.Default|Any CPU.ActiveCfg = Debug|Any CPU
		{374F37CF-1F27-4613-96FD-9B956A3D82B1}.Default|Any CPU.Build.0 = Debug|Any CPU
		{374F37CF-1F27-4613-96FD-9B956A3D82B1}.Default|x86.ActiveCfg = Debug|Any CPU
		{374F37CF-1F27-4613-96FD-9B956A3D82B1}.Default|x86.Build.0 = Debug|Any CPU
		{374F37CF-1F27-4613-96FD-9B956A3D82B1}.Release|Any CPU.ActiveCfg = Release|Any CPU
		{374F37CF-1F27-4613-96FD-9B956A3D82B1}.Release|Any CPU.Build.0 = Release|Any CPU
		{374F37CF-1F27-4613-96FD-9B956A3D82B1}.Release|x86.ActiveCfg = Release|Any CPU
		{374F37CF-1F27-4613-96FD-9B956A3D82B1}.Release|x86.Build.0 = Release|Any CPU
		{38D21F02-C139-43C8-8B74-D84E22B89F50}.Debug|Any CPU.ActiveCfg = Debug|Any CPU
		{38D21F02-C139-43C8-8B74-D84E22B89F50}.Debug|Any CPU.Build.0 = Debug|Any CPU
		{38D21F02-C139-43C8-8B74-D84E22B89F50}.Debug|x86.ActiveCfg = Debug|Any CPU
		{38D21F02-C139-43C8-8B74-D84E22B89F50}.Debug|x86.Build.0 = Debug|Any CPU
		{38D21F02-C139-43C8-8B74-D84E22B89F50}.Default|Any CPU.ActiveCfg = Debug|Any CPU
		{38D21F02-C139-43C8-8B74-D84E22B89F50}.Default|Any CPU.Build.0 = Debug|Any CPU
		{38D21F02-C139-43C8-8B74-D84E22B89F50}.Default|x86.ActiveCfg = Debug|Any CPU
		{38D21F02-C139-43C8-8B74-D84E22B89F50}.Default|x86.Build.0 = Debug|Any CPU
		{38D21F02-C139-43C8-8B74-D84E22B89F50}.Release|Any CPU.ActiveCfg = Release|Any CPU
		{38D21F02-C139-43C8-8B74-D84E22B89F50}.Release|Any CPU.Build.0 = Release|Any CPU
		{38D21F02-C139-43C8-8B74-D84E22B89F50}.Release|x86.ActiveCfg = Release|Any CPU
		{38D21F02-C139-43C8-8B74-D84E22B89F50}.Release|x86.Build.0 = Release|Any CPU
		{3FAF89EA-38D9-42C1-B3F4-75EAED40570A}.Debug|Any CPU.ActiveCfg = Debug|Any CPU
		{3FAF89EA-38D9-42C1-B3F4-75EAED40570A}.Debug|Any CPU.Build.0 = Debug|Any CPU
		{3FAF89EA-38D9-42C1-B3F4-75EAED40570A}.Debug|x86.ActiveCfg = Debug|Any CPU
		{3FAF89EA-38D9-42C1-B3F4-75EAED40570A}.Debug|x86.Build.0 = Debug|Any CPU
		{3FAF89EA-38D9-42C1-B3F4-75EAED40570A}.Default|Any CPU.ActiveCfg = Debug|Any CPU
		{3FAF89EA-38D9-42C1-B3F4-75EAED40570A}.Default|Any CPU.Build.0 = Debug|Any CPU
		{3FAF89EA-38D9-42C1-B3F4-75EAED40570A}.Default|x86.ActiveCfg = Debug|Any CPU
		{3FAF89EA-38D9-42C1-B3F4-75EAED40570A}.Default|x86.Build.0 = Debug|Any CPU
		{3FAF89EA-38D9-42C1-B3F4-75EAED40570A}.Release|Any CPU.ActiveCfg = Release|Any CPU
		{3FAF89EA-38D9-42C1-B3F4-75EAED40570A}.Release|Any CPU.Build.0 = Release|Any CPU
		{3FAF89EA-38D9-42C1-B3F4-75EAED40570A}.Release|x86.ActiveCfg = Release|Any CPU
		{3FAF89EA-38D9-42C1-B3F4-75EAED40570A}.Release|x86.Build.0 = Release|Any CPU
		{47693A2A-1F86-47CA-A170-CC0C195A53B7}.Debug|Any CPU.ActiveCfg = Debug|Any CPU
		{47693A2A-1F86-47CA-A170-CC0C195A53B7}.Debug|Any CPU.Build.0 = Debug|Any CPU
		{47693A2A-1F86-47CA-A170-CC0C195A53B7}.Debug|x86.ActiveCfg = Debug|Any CPU
		{47693A2A-1F86-47CA-A170-CC0C195A53B7}.Debug|x86.Build.0 = Debug|Any CPU
		{47693A2A-1F86-47CA-A170-CC0C195A53B7}.Default|Any CPU.ActiveCfg = Debug|Any CPU
		{47693A2A-1F86-47CA-A170-CC0C195A53B7}.Default|Any CPU.Build.0 = Debug|Any CPU
		{47693A2A-1F86-47CA-A170-CC0C195A53B7}.Default|x86.ActiveCfg = Debug|Any CPU
		{47693A2A-1F86-47CA-A170-CC0C195A53B7}.Default|x86.Build.0 = Debug|Any CPU
		{47693A2A-1F86-47CA-A170-CC0C195A53B7}.Release|Any CPU.ActiveCfg = Release|Any CPU
		{47693A2A-1F86-47CA-A170-CC0C195A53B7}.Release|Any CPU.Build.0 = Release|Any CPU
		{47693A2A-1F86-47CA-A170-CC0C195A53B7}.Release|x86.ActiveCfg = Release|Any CPU
		{47693A2A-1F86-47CA-A170-CC0C195A53B7}.Release|x86.Build.0 = Release|Any CPU
		{4C8EEE00-88BB-4A22-BEB2-68245D98CB78}.Debug|Any CPU.ActiveCfg = Debug|Any CPU
		{4C8EEE00-88BB-4A22-BEB2-68245D98CB78}.Debug|Any CPU.Build.0 = Debug|Any CPU
		{4C8EEE00-88BB-4A22-BEB2-68245D98CB78}.Debug|x86.ActiveCfg = Debug|Any CPU
		{4C8EEE00-88BB-4A22-BEB2-68245D98CB78}.Debug|x86.Build.0 = Debug|Any CPU
		{4C8EEE00-88BB-4A22-BEB2-68245D98CB78}.Default|Any CPU.ActiveCfg = Debug|Any CPU
		{4C8EEE00-88BB-4A22-BEB2-68245D98CB78}.Default|Any CPU.Build.0 = Debug|Any CPU
		{4C8EEE00-88BB-4A22-BEB2-68245D98CB78}.Default|x86.ActiveCfg = Debug|Any CPU
		{4C8EEE00-88BB-4A22-BEB2-68245D98CB78}.Default|x86.Build.0 = Debug|Any CPU
		{4C8EEE00-88BB-4A22-BEB2-68245D98CB78}.Release|Any CPU.ActiveCfg = Release|Any CPU
		{4C8EEE00-88BB-4A22-BEB2-68245D98CB78}.Release|Any CPU.Build.0 = Release|Any CPU
		{4C8EEE00-88BB-4A22-BEB2-68245D98CB78}.Release|x86.ActiveCfg = Release|Any CPU
		{4C8EEE00-88BB-4A22-BEB2-68245D98CB78}.Release|x86.Build.0 = Release|Any CPU
		{51023BD2-9139-438D-B794-95E5EC023537}.Debug|Any CPU.ActiveCfg = Debug|Any CPU
		{51023BD2-9139-438D-B794-95E5EC023537}.Debug|Any CPU.Build.0 = Debug|Any CPU
		{51023BD2-9139-438D-B794-95E5EC023537}.Debug|x86.ActiveCfg = Debug|Any CPU
		{51023BD2-9139-438D-B794-95E5EC023537}.Debug|x86.Build.0 = Debug|Any CPU
		{51023BD2-9139-438D-B794-95E5EC023537}.Default|Any CPU.ActiveCfg = Debug|Any CPU
		{51023BD2-9139-438D-B794-95E5EC023537}.Default|Any CPU.Build.0 = Debug|Any CPU
		{51023BD2-9139-438D-B794-95E5EC023537}.Default|x86.ActiveCfg = Debug|Any CPU
		{51023BD2-9139-438D-B794-95E5EC023537}.Default|x86.Build.0 = Debug|Any CPU
		{51023BD2-9139-438D-B794-95E5EC023537}.Release|Any CPU.ActiveCfg = Release|Any CPU
		{51023BD2-9139-438D-B794-95E5EC023537}.Release|Any CPU.Build.0 = Release|Any CPU
		{51023BD2-9139-438D-B794-95E5EC023537}.Release|x86.ActiveCfg = Release|Any CPU
		{51023BD2-9139-438D-B794-95E5EC023537}.Release|x86.Build.0 = Release|Any CPU
		{513B8C1F-2BE4-46D6-B95D-836A1F36855E}.Debug|Any CPU.ActiveCfg = Debug|Any CPU
		{513B8C1F-2BE4-46D6-B95D-836A1F36855E}.Debug|Any CPU.Build.0 = Debug|Any CPU
		{513B8C1F-2BE4-46D6-B95D-836A1F36855E}.Debug|x86.ActiveCfg = Debug|Any CPU
		{513B8C1F-2BE4-46D6-B95D-836A1F36855E}.Debug|x86.Build.0 = Debug|Any CPU
		{513B8C1F-2BE4-46D6-B95D-836A1F36855E}.Default|Any CPU.ActiveCfg = Debug|Any CPU
		{513B8C1F-2BE4-46D6-B95D-836A1F36855E}.Default|Any CPU.Build.0 = Debug|Any CPU
		{513B8C1F-2BE4-46D6-B95D-836A1F36855E}.Default|x86.ActiveCfg = Debug|Any CPU
		{513B8C1F-2BE4-46D6-B95D-836A1F36855E}.Default|x86.Build.0 = Debug|Any CPU
		{513B8C1F-2BE4-46D6-B95D-836A1F36855E}.Release|Any CPU.ActiveCfg = Release|Any CPU
		{513B8C1F-2BE4-46D6-B95D-836A1F36855E}.Release|Any CPU.Build.0 = Release|Any CPU
		{513B8C1F-2BE4-46D6-B95D-836A1F36855E}.Release|x86.ActiveCfg = Release|Any CPU
		{513B8C1F-2BE4-46D6-B95D-836A1F36855E}.Release|x86.Build.0 = Release|Any CPU
		{5B43F245-AB0D-49FA-BC1E-1168103C7522}.Debug|Any CPU.ActiveCfg = Debug|Any CPU
		{5B43F245-AB0D-49FA-BC1E-1168103C7522}.Debug|Any CPU.Build.0 = Debug|Any CPU
		{5B43F245-AB0D-49FA-BC1E-1168103C7522}.Debug|x86.ActiveCfg = Debug|Any CPU
		{5B43F245-AB0D-49FA-BC1E-1168103C7522}.Debug|x86.Build.0 = Debug|Any CPU
		{5B43F245-AB0D-49FA-BC1E-1168103C7522}.Default|Any CPU.ActiveCfg = Debug|Any CPU
		{5B43F245-AB0D-49FA-BC1E-1168103C7522}.Default|Any CPU.Build.0 = Debug|Any CPU
		{5B43F245-AB0D-49FA-BC1E-1168103C7522}.Default|x86.ActiveCfg = Debug|Any CPU
		{5B43F245-AB0D-49FA-BC1E-1168103C7522}.Default|x86.Build.0 = Debug|Any CPU
		{5B43F245-AB0D-49FA-BC1E-1168103C7522}.Release|Any CPU.ActiveCfg = Release|Any CPU
		{5B43F245-AB0D-49FA-BC1E-1168103C7522}.Release|Any CPU.Build.0 = Release|Any CPU
		{5B43F245-AB0D-49FA-BC1E-1168103C7522}.Release|x86.ActiveCfg = Release|Any CPU
		{5B43F245-AB0D-49FA-BC1E-1168103C7522}.Release|x86.Build.0 = Release|Any CPU
		{660E9B93-FECD-4C76-893C-F9E63ADD708E}.Debug|Any CPU.ActiveCfg = Debug|Any CPU
		{660E9B93-FECD-4C76-893C-F9E63ADD708E}.Debug|Any CPU.Build.0 = Debug|Any CPU
		{660E9B93-FECD-4C76-893C-F9E63ADD708E}.Debug|x86.ActiveCfg = Debug|Any CPU
		{660E9B93-FECD-4C76-893C-F9E63ADD708E}.Debug|x86.Build.0 = Debug|Any CPU
		{660E9B93-FECD-4C76-893C-F9E63ADD708E}.Default|Any CPU.ActiveCfg = Debug|Any CPU
		{660E9B93-FECD-4C76-893C-F9E63ADD708E}.Default|Any CPU.Build.0 = Debug|Any CPU
		{660E9B93-FECD-4C76-893C-F9E63ADD708E}.Default|x86.ActiveCfg = Debug|Any CPU
		{660E9B93-FECD-4C76-893C-F9E63ADD708E}.Default|x86.Build.0 = Debug|Any CPU
		{660E9B93-FECD-4C76-893C-F9E63ADD708E}.Release|Any CPU.ActiveCfg = Release|Any CPU
		{660E9B93-FECD-4C76-893C-F9E63ADD708E}.Release|Any CPU.Build.0 = Release|Any CPU
		{660E9B93-FECD-4C76-893C-F9E63ADD708E}.Release|x86.ActiveCfg = Release|Any CPU
		{660E9B93-FECD-4C76-893C-F9E63ADD708E}.Release|x86.Build.0 = Release|Any CPU
		{672D72EC-89DA-4EF3-88CC-BEEC5BA478B2}.Debug|Any CPU.ActiveCfg = Debug|Any CPU
		{672D72EC-89DA-4EF3-88CC-BEEC5BA478B2}.Debug|Any CPU.Build.0 = Debug|Any CPU
		{672D72EC-89DA-4EF3-88CC-BEEC5BA478B2}.Debug|x86.ActiveCfg = Debug|Any CPU
		{672D72EC-89DA-4EF3-88CC-BEEC5BA478B2}.Debug|x86.Build.0 = Debug|Any CPU
		{672D72EC-89DA-4EF3-88CC-BEEC5BA478B2}.Default|Any CPU.ActiveCfg = Debug|Any CPU
		{672D72EC-89DA-4EF3-88CC-BEEC5BA478B2}.Default|Any CPU.Build.0 = Debug|Any CPU
		{672D72EC-89DA-4EF3-88CC-BEEC5BA478B2}.Default|x86.ActiveCfg = Debug|Any CPU
		{672D72EC-89DA-4EF3-88CC-BEEC5BA478B2}.Default|x86.Build.0 = Debug|Any CPU
		{672D72EC-89DA-4EF3-88CC-BEEC5BA478B2}.Release|Any CPU.ActiveCfg = Release|Any CPU
		{672D72EC-89DA-4EF3-88CC-BEEC5BA478B2}.Release|Any CPU.Build.0 = Release|Any CPU
		{672D72EC-89DA-4EF3-88CC-BEEC5BA478B2}.Release|x86.ActiveCfg = Release|Any CPU
		{672D72EC-89DA-4EF3-88CC-BEEC5BA478B2}.Release|x86.Build.0 = Release|Any CPU
		{6D08DD91-7AE1-4A4C-B81D-DC9DEE93CF24}.Debug|Any CPU.ActiveCfg = Debug|x86
		{6D08DD91-7AE1-4A4C-B81D-DC9DEE93CF24}.Debug|x86.ActiveCfg = Debug|x86
		{6D08DD91-7AE1-4A4C-B81D-DC9DEE93CF24}.Debug|x86.Build.0 = Debug|x86
		{6D08DD91-7AE1-4A4C-B81D-DC9DEE93CF24}.Default|Any CPU.ActiveCfg = Debug|x86
		{6D08DD91-7AE1-4A4C-B81D-DC9DEE93CF24}.Default|Any CPU.Build.0 = Debug|x86
		{6D08DD91-7AE1-4A4C-B81D-DC9DEE93CF24}.Default|x86.ActiveCfg = Debug|x86
		{6D08DD91-7AE1-4A4C-B81D-DC9DEE93CF24}.Default|x86.Build.0 = Debug|x86
		{6D08DD91-7AE1-4A4C-B81D-DC9DEE93CF24}.Release|Any CPU.ActiveCfg = Release|x86
		{6D08DD91-7AE1-4A4C-B81D-DC9DEE93CF24}.Release|x86.ActiveCfg = Release|x86
		{6D08DD91-7AE1-4A4C-B81D-DC9DEE93CF24}.Release|x86.Build.0 = Release|x86
		{6D08DD91-7AE1-4A4C-B81D-DC9DEE93CF25}.Debug|Any CPU.ActiveCfg = Debug|x86
		{6D08DD91-7AE1-4A4C-B81D-DC9DEE93CF25}.Debug|x86.ActiveCfg = Debug|x86
		{6D08DD91-7AE1-4A4C-B81D-DC9DEE93CF25}.Debug|x86.Build.0 = Debug|x86
		{6D08DD91-7AE1-4A4C-B81D-DC9DEE93CF25}.Default|Any CPU.ActiveCfg = Debug|x86
		{6D08DD91-7AE1-4A4C-B81D-DC9DEE93CF25}.Default|Any CPU.Build.0 = Debug|x86
		{6D08DD91-7AE1-4A4C-B81D-DC9DEE93CF25}.Default|x86.ActiveCfg = Debug|x86
		{6D08DD91-7AE1-4A4C-B81D-DC9DEE93CF25}.Default|x86.Build.0 = Debug|x86
		{6D08DD91-7AE1-4A4C-B81D-DC9DEE93CF25}.Release|Any CPU.ActiveCfg = Release|x86
		{6D08DD91-7AE1-4A4C-B81D-DC9DEE93CF25}.Release|x86.ActiveCfg = Release|x86
		{6D08DD91-7AE1-4A4C-B81D-DC9DEE93CF25}.Release|x86.Build.0 = Release|x86
		{77AD91D9-4BD8-4899-9308-E6209265F636}.Debug|Any CPU.ActiveCfg = Debug|Any CPU
		{77AD91D9-4BD8-4899-9308-E6209265F636}.Debug|Any CPU.Build.0 = Debug|Any CPU
		{77AD91D9-4BD8-4899-9308-E6209265F636}.Debug|x86.ActiveCfg = Debug|Any CPU
		{77AD91D9-4BD8-4899-9308-E6209265F636}.Debug|x86.Build.0 = Debug|Any CPU
		{77AD91D9-4BD8-4899-9308-E6209265F636}.Default|Any CPU.ActiveCfg = Debug|Any CPU
		{77AD91D9-4BD8-4899-9308-E6209265F636}.Default|Any CPU.Build.0 = Debug|Any CPU
		{77AD91D9-4BD8-4899-9308-E6209265F636}.Default|x86.ActiveCfg = Debug|Any CPU
		{77AD91D9-4BD8-4899-9308-E6209265F636}.Default|x86.Build.0 = Debug|Any CPU
		{77AD91D9-4BD8-4899-9308-E6209265F636}.Release|Any CPU.ActiveCfg = Release|Any CPU
		{77AD91D9-4BD8-4899-9308-E6209265F636}.Release|Any CPU.Build.0 = Release|Any CPU
		{77AD91D9-4BD8-4899-9308-E6209265F636}.Release|x86.ActiveCfg = Release|Any CPU
		{77AD91D9-4BD8-4899-9308-E6209265F636}.Release|x86.Build.0 = Release|Any CPU
		{7AFF0D94-4F70-4A1B-842C-24EA613807B7}.Debug|Any CPU.ActiveCfg = Debug|Any CPU
		{7AFF0D94-4F70-4A1B-842C-24EA613807B7}.Debug|Any CPU.Build.0 = Debug|Any CPU
		{7AFF0D94-4F70-4A1B-842C-24EA613807B7}.Debug|x86.ActiveCfg = Debug|Any CPU
		{7AFF0D94-4F70-4A1B-842C-24EA613807B7}.Debug|x86.Build.0 = Debug|Any CPU
		{7AFF0D94-4F70-4A1B-842C-24EA613807B7}.Default|Any CPU.ActiveCfg = Debug|Any CPU
		{7AFF0D94-4F70-4A1B-842C-24EA613807B7}.Default|Any CPU.Build.0 = Debug|Any CPU
		{7AFF0D94-4F70-4A1B-842C-24EA613807B7}.Default|x86.ActiveCfg = Debug|Any CPU
		{7AFF0D94-4F70-4A1B-842C-24EA613807B7}.Default|x86.Build.0 = Debug|Any CPU
		{7AFF0D94-4F70-4A1B-842C-24EA613807B7}.Release|Any CPU.ActiveCfg = Release|Any CPU
		{7AFF0D94-4F70-4A1B-842C-24EA613807B7}.Release|Any CPU.Build.0 = Release|Any CPU
		{7AFF0D94-4F70-4A1B-842C-24EA613807B7}.Release|x86.ActiveCfg = Release|Any CPU
		{7AFF0D94-4F70-4A1B-842C-24EA613807B7}.Release|x86.Build.0 = Release|Any CPU
		{87A5463F-B4DF-4EB0-8970-17A07DF714B1}.Debug|Any CPU.ActiveCfg = Debug|Any CPU
		{87A5463F-B4DF-4EB0-8970-17A07DF714B1}.Debug|Any CPU.Build.0 = Debug|Any CPU
		{87A5463F-B4DF-4EB0-8970-17A07DF714B1}.Debug|x86.ActiveCfg = Debug|Any CPU
		{87A5463F-B4DF-4EB0-8970-17A07DF714B1}.Debug|x86.Build.0 = Debug|Any CPU
		{87A5463F-B4DF-4EB0-8970-17A07DF714B1}.Default|Any CPU.ActiveCfg = Debug|Any CPU
		{87A5463F-B4DF-4EB0-8970-17A07DF714B1}.Default|Any CPU.Build.0 = Debug|Any CPU
		{87A5463F-B4DF-4EB0-8970-17A07DF714B1}.Default|x86.ActiveCfg = Debug|Any CPU
		{87A5463F-B4DF-4EB0-8970-17A07DF714B1}.Default|x86.Build.0 = Debug|Any CPU
		{87A5463F-B4DF-4EB0-8970-17A07DF714B1}.Release|Any CPU.ActiveCfg = Release|Any CPU
		{87A5463F-B4DF-4EB0-8970-17A07DF714B1}.Release|Any CPU.Build.0 = Release|Any CPU
		{87A5463F-B4DF-4EB0-8970-17A07DF714B1}.Release|x86.ActiveCfg = Release|Any CPU
		{87A5463F-B4DF-4EB0-8970-17A07DF714B1}.Release|x86.Build.0 = Release|Any CPU
		{9B4C57BA-E09F-4439-98B4-B9B535A4ABF6}.Debug|Any CPU.ActiveCfg = Debug|Any CPU
		{9B4C57BA-E09F-4439-98B4-B9B535A4ABF6}.Debug|Any CPU.Build.0 = Debug|Any CPU
		{9B4C57BA-E09F-4439-98B4-B9B535A4ABF6}.Debug|x86.ActiveCfg = Debug|Any CPU
		{9B4C57BA-E09F-4439-98B4-B9B535A4ABF6}.Debug|x86.Build.0 = Debug|Any CPU
		{9B4C57BA-E09F-4439-98B4-B9B535A4ABF6}.Default|Any CPU.ActiveCfg = Debug|Any CPU
		{9B4C57BA-E09F-4439-98B4-B9B535A4ABF6}.Default|Any CPU.Build.0 = Debug|Any CPU
		{9B4C57BA-E09F-4439-98B4-B9B535A4ABF6}.Default|x86.ActiveCfg = Debug|Any CPU
		{9B4C57BA-E09F-4439-98B4-B9B535A4ABF6}.Default|x86.Build.0 = Debug|Any CPU
		{9B4C57BA-E09F-4439-98B4-B9B535A4ABF6}.Release|Any CPU.ActiveCfg = Release|Any CPU
		{9B4C57BA-E09F-4439-98B4-B9B535A4ABF6}.Release|Any CPU.Build.0 = Release|Any CPU
		{9B4C57BA-E09F-4439-98B4-B9B535A4ABF6}.Release|x86.ActiveCfg = Release|Any CPU
		{9B4C57BA-E09F-4439-98B4-B9B535A4ABF6}.Release|x86.Build.0 = Release|Any CPU
		{9D8BB6F7-373E-4FBC-B5E8-9709B4CE9A37}.Debug|Any CPU.ActiveCfg = Debug|Any CPU
		{9D8BB6F7-373E-4FBC-B5E8-9709B4CE9A37}.Debug|Any CPU.Build.0 = Debug|Any CPU
		{9D8BB6F7-373E-4FBC-B5E8-9709B4CE9A37}.Debug|x86.ActiveCfg = Debug|Any CPU
		{9D8BB6F7-373E-4FBC-B5E8-9709B4CE9A37}.Debug|x86.Build.0 = Debug|Any CPU
		{9D8BB6F7-373E-4FBC-B5E8-9709B4CE9A37}.Default|Any CPU.ActiveCfg = Debug|Any CPU
		{9D8BB6F7-373E-4FBC-B5E8-9709B4CE9A37}.Default|Any CPU.Build.0 = Debug|Any CPU
		{9D8BB6F7-373E-4FBC-B5E8-9709B4CE9A37}.Default|x86.ActiveCfg = Debug|Any CPU
		{9D8BB6F7-373E-4FBC-B5E8-9709B4CE9A37}.Default|x86.Build.0 = Debug|Any CPU
		{9D8BB6F7-373E-4FBC-B5E8-9709B4CE9A37}.Release|Any CPU.ActiveCfg = Release|Any CPU
		{9D8BB6F7-373E-4FBC-B5E8-9709B4CE9A37}.Release|Any CPU.Build.0 = Release|Any CPU
		{9D8BB6F7-373E-4FBC-B5E8-9709B4CE9A37}.Release|x86.ActiveCfg = Release|Any CPU
		{9D8BB6F7-373E-4FBC-B5E8-9709B4CE9A37}.Release|x86.Build.0 = Release|Any CPU
		{B1E4D2EC-5027-4F44-8C46-A0485DFF7060}.Debug|Any CPU.ActiveCfg = Debug|Any CPU
		{B1E4D2EC-5027-4F44-8C46-A0485DFF7060}.Debug|Any CPU.Build.0 = Debug|Any CPU
		{B1E4D2EC-5027-4F44-8C46-A0485DFF7060}.Debug|x86.ActiveCfg = Debug|Any CPU
		{B1E4D2EC-5027-4F44-8C46-A0485DFF7060}.Debug|x86.Build.0 = Debug|Any CPU
		{B1E4D2EC-5027-4F44-8C46-A0485DFF7060}.Default|Any CPU.ActiveCfg = Debug|Any CPU
		{B1E4D2EC-5027-4F44-8C46-A0485DFF7060}.Default|Any CPU.Build.0 = Debug|Any CPU
		{B1E4D2EC-5027-4F44-8C46-A0485DFF7060}.Default|x86.ActiveCfg = Debug|Any CPU
		{B1E4D2EC-5027-4F44-8C46-A0485DFF7060}.Default|x86.Build.0 = Debug|Any CPU
		{B1E4D2EC-5027-4F44-8C46-A0485DFF7060}.Release|Any CPU.ActiveCfg = Release|Any CPU
		{B1E4D2EC-5027-4F44-8C46-A0485DFF7060}.Release|Any CPU.Build.0 = Release|Any CPU
		{B1E4D2EC-5027-4F44-8C46-A0485DFF7060}.Release|x86.ActiveCfg = Release|Any CPU
		{B1E4D2EC-5027-4F44-8C46-A0485DFF7060}.Release|x86.Build.0 = Release|Any CPU
		{BBC006B1-F627-47D2-B616-9C1D5C7F5C03}.Debug|Any CPU.ActiveCfg = Debug|Any CPU
		{BBC006B1-F627-47D2-B616-9C1D5C7F5C03}.Debug|Any CPU.Build.0 = Debug|Any CPU
		{BBC006B1-F627-47D2-B616-9C1D5C7F5C03}.Debug|x86.ActiveCfg = Debug|Any CPU
		{BBC006B1-F627-47D2-B616-9C1D5C7F5C03}.Debug|x86.Build.0 = Debug|Any CPU
		{BBC006B1-F627-47D2-B616-9C1D5C7F5C03}.Default|Any CPU.ActiveCfg = Debug|Any CPU
		{BBC006B1-F627-47D2-B616-9C1D5C7F5C03}.Default|Any CPU.Build.0 = Debug|Any CPU
		{BBC006B1-F627-47D2-B616-9C1D5C7F5C03}.Default|x86.ActiveCfg = Debug|Any CPU
		{BBC006B1-F627-47D2-B616-9C1D5C7F5C03}.Default|x86.Build.0 = Debug|Any CPU
		{BBC006B1-F627-47D2-B616-9C1D5C7F5C03}.Release|Any CPU.ActiveCfg = Release|Any CPU
		{BBC006B1-F627-47D2-B616-9C1D5C7F5C03}.Release|Any CPU.Build.0 = Release|Any CPU
		{BBC006B1-F627-47D2-B616-9C1D5C7F5C03}.Release|x86.ActiveCfg = Release|Any CPU
		{BBC006B1-F627-47D2-B616-9C1D5C7F5C03}.Release|x86.Build.0 = Release|Any CPU
		{C0297A33-3628-46E9-9324-408A72E2E922}.Debug|Any CPU.ActiveCfg = Debug|Any CPU
		{C0297A33-3628-46E9-9324-408A72E2E922}.Debug|Any CPU.Build.0 = Debug|Any CPU
		{C0297A33-3628-46E9-9324-408A72E2E922}.Debug|x86.ActiveCfg = Debug|Any CPU
		{C0297A33-3628-46E9-9324-408A72E2E922}.Debug|x86.Build.0 = Debug|Any CPU
		{C0297A33-3628-46E9-9324-408A72E2E922}.Default|Any CPU.ActiveCfg = Debug|Any CPU
		{C0297A33-3628-46E9-9324-408A72E2E922}.Default|Any CPU.Build.0 = Debug|Any CPU
		{C0297A33-3628-46E9-9324-408A72E2E922}.Default|x86.ActiveCfg = Debug|Any CPU
		{C0297A33-3628-46E9-9324-408A72E2E922}.Default|x86.Build.0 = Debug|Any CPU
		{C0297A33-3628-46E9-9324-408A72E2E922}.Release|Any CPU.ActiveCfg = Release|Any CPU
		{C0297A33-3628-46E9-9324-408A72E2E922}.Release|Any CPU.Build.0 = Release|Any CPU
		{C0297A33-3628-46E9-9324-408A72E2E922}.Release|x86.ActiveCfg = Release|Any CPU
		{C0297A33-3628-46E9-9324-408A72E2E922}.Release|x86.Build.0 = Release|Any CPU
		{C57F798A-17AB-41FF-99D3-7C8D651F3C3C}.Debug|Any CPU.ActiveCfg = Debug|Any CPU
		{C57F798A-17AB-41FF-99D3-7C8D651F3C3C}.Debug|Any CPU.Build.0 = Debug|Any CPU
		{C57F798A-17AB-41FF-99D3-7C8D651F3C3C}.Debug|x86.ActiveCfg = Debug|Any CPU
		{C57F798A-17AB-41FF-99D3-7C8D651F3C3C}.Debug|x86.Build.0 = Debug|Any CPU
		{C57F798A-17AB-41FF-99D3-7C8D651F3C3C}.Default|Any CPU.ActiveCfg = Debug|Any CPU
		{C57F798A-17AB-41FF-99D3-7C8D651F3C3C}.Default|Any CPU.Build.0 = Debug|Any CPU
		{C57F798A-17AB-41FF-99D3-7C8D651F3C3C}.Default|x86.ActiveCfg = Debug|Any CPU
		{C57F798A-17AB-41FF-99D3-7C8D651F3C3C}.Default|x86.Build.0 = Debug|Any CPU
		{C57F798A-17AB-41FF-99D3-7C8D651F3C3C}.Release|Any CPU.ActiveCfg = Release|Any CPU
		{C57F798A-17AB-41FF-99D3-7C8D651F3C3C}.Release|Any CPU.Build.0 = Release|Any CPU
		{C57F798A-17AB-41FF-99D3-7C8D651F3C3C}.Release|x86.ActiveCfg = Release|Any CPU
		{C57F798A-17AB-41FF-99D3-7C8D651F3C3C}.Release|x86.Build.0 = Release|Any CPU
		{F2E30D04-82C7-487F-B9E8-E8BABB1C94E1}.Debug|Any CPU.ActiveCfg = Debug|Any CPU
		{F2E30D04-82C7-487F-B9E8-E8BABB1C94E1}.Debug|Any CPU.Build.0 = Debug|Any CPU
		{F2E30D04-82C7-487F-B9E8-E8BABB1C94E1}.Debug|x86.ActiveCfg = Debug|Any CPU
		{F2E30D04-82C7-487F-B9E8-E8BABB1C94E1}.Debug|x86.Build.0 = Debug|Any CPU
		{F2E30D04-82C7-487F-B9E8-E8BABB1C94E1}.Default|Any CPU.ActiveCfg = Debug|Any CPU
		{F2E30D04-82C7-487F-B9E8-E8BABB1C94E1}.Default|Any CPU.Build.0 = Debug|Any CPU
		{F2E30D04-82C7-487F-B9E8-E8BABB1C94E1}.Default|x86.ActiveCfg = Debug|Any CPU
		{F2E30D04-82C7-487F-B9E8-E8BABB1C94E1}.Default|x86.Build.0 = Debug|Any CPU
		{F2E30D04-82C7-487F-B9E8-E8BABB1C94E1}.Release|Any CPU.ActiveCfg = Release|Any CPU
		{F2E30D04-82C7-487F-B9E8-E8BABB1C94E1}.Release|Any CPU.Build.0 = Release|Any CPU
		{F2E30D04-82C7-487F-B9E8-E8BABB1C94E1}.Release|x86.ActiveCfg = Release|Any CPU
		{F2E30D04-82C7-487F-B9E8-E8BABB1C94E1}.Release|x86.Build.0 = Release|Any CPU
		{F9D57571-FB42-455D-96DA-E1E11347A664}.Debug|Any CPU.ActiveCfg = Debug|Any CPU
		{F9D57571-FB42-455D-96DA-E1E11347A664}.Debug|Any CPU.Build.0 = Debug|Any CPU
		{F9D57571-FB42-455D-96DA-E1E11347A664}.Debug|x86.ActiveCfg = Debug|Any CPU
		{F9D57571-FB42-455D-96DA-E1E11347A664}.Debug|x86.Build.0 = Debug|Any CPU
		{F9D57571-FB42-455D-96DA-E1E11347A664}.Default|Any CPU.ActiveCfg = Debug|Any CPU
		{F9D57571-FB42-455D-96DA-E1E11347A664}.Default|Any CPU.Build.0 = Debug|Any CPU
		{F9D57571-FB42-455D-96DA-E1E11347A664}.Default|x86.ActiveCfg = Debug|Any CPU
		{F9D57571-FB42-455D-96DA-E1E11347A664}.Default|x86.Build.0 = Debug|Any CPU
		{F9D57571-FB42-455D-96DA-E1E11347A664}.Release|Any CPU.ActiveCfg = Release|Any CPU
		{F9D57571-FB42-455D-96DA-E1E11347A664}.Release|Any CPU.Build.0 = Release|Any CPU
		{F9D57571-FB42-455D-96DA-E1E11347A664}.Release|x86.ActiveCfg = Release|Any CPU
		{F9D57571-FB42-455D-96DA-E1E11347A664}.Release|x86.Build.0 = Release|Any CPU
		{FE111523-3266-409B-BC72-F8D4A909A554}.Debug|Any CPU.ActiveCfg = Debug|Any CPU
		{FE111523-3266-409B-BC72-F8D4A909A554}.Debug|Any CPU.Build.0 = Debug|Any CPU
		{FE111523-3266-409B-BC72-F8D4A909A554}.Debug|x86.ActiveCfg = Debug|Any CPU
		{FE111523-3266-409B-BC72-F8D4A909A554}.Debug|x86.Build.0 = Debug|Any CPU
		{FE111523-3266-409B-BC72-F8D4A909A554}.Default|Any CPU.ActiveCfg = Debug|Any CPU
		{FE111523-3266-409B-BC72-F8D4A909A554}.Default|Any CPU.Build.0 = Debug|Any CPU
		{FE111523-3266-409B-BC72-F8D4A909A554}.Default|x86.ActiveCfg = Debug|Any CPU
		{FE111523-3266-409B-BC72-F8D4A909A554}.Default|x86.Build.0 = Debug|Any CPU
		{FE111523-3266-409B-BC72-F8D4A909A554}.Release|Any CPU.ActiveCfg = Release|Any CPU
		{FE111523-3266-409B-BC72-F8D4A909A554}.Release|Any CPU.Build.0 = Release|Any CPU
		{FE111523-3266-409B-BC72-F8D4A909A554}.Release|x86.ActiveCfg = Release|Any CPU
		{FE111523-3266-409B-BC72-F8D4A909A554}.Release|x86.Build.0 = Release|Any CPU
		{FEAA8674-9363-4BC7-B016-7BE984A2D185}.Debug|Any CPU.ActiveCfg = Debug|Any CPU
		{FEAA8674-9363-4BC7-B016-7BE984A2D185}.Debug|Any CPU.Build.0 = Debug|Any CPU
		{FEAA8674-9363-4BC7-B016-7BE984A2D185}.Debug|x86.ActiveCfg = Debug|Any CPU
		{FEAA8674-9363-4BC7-B016-7BE984A2D185}.Debug|x86.Build.0 = Debug|Any CPU
		{FEAA8674-9363-4BC7-B016-7BE984A2D185}.Default|Any CPU.ActiveCfg = Debug|Any CPU
		{FEAA8674-9363-4BC7-B016-7BE984A2D185}.Default|Any CPU.Build.0 = Debug|Any CPU
		{FEAA8674-9363-4BC7-B016-7BE984A2D185}.Default|x86.ActiveCfg = Debug|Any CPU
		{FEAA8674-9363-4BC7-B016-7BE984A2D185}.Default|x86.Build.0 = Debug|Any CPU
		{FEAA8674-9363-4BC7-B016-7BE984A2D185}.Release|Any CPU.ActiveCfg = Release|Any CPU
		{FEAA8674-9363-4BC7-B016-7BE984A2D185}.Release|Any CPU.Build.0 = Release|Any CPU
		{FEAA8674-9363-4BC7-B016-7BE984A2D185}.Release|x86.ActiveCfg = Release|Any CPU
		{FEAA8674-9363-4BC7-B016-7BE984A2D185}.Release|x86.Build.0 = Release|Any CPU
		{FFD7447B-FE8C-4FD6-9E5B-7B960DCB2A9C}.Debug|Any CPU.ActiveCfg = Debug|Any CPU
		{FFD7447B-FE8C-4FD6-9E5B-7B960DCB2A9C}.Debug|Any CPU.Build.0 = Debug|Any CPU
		{FFD7447B-FE8C-4FD6-9E5B-7B960DCB2A9C}.Debug|x86.ActiveCfg = Debug|Any CPU
		{FFD7447B-FE8C-4FD6-9E5B-7B960DCB2A9C}.Debug|x86.Build.0 = Debug|Any CPU
		{FFD7447B-FE8C-4FD6-9E5B-7B960DCB2A9C}.Default|Any CPU.ActiveCfg = Debug|Any CPU
		{FFD7447B-FE8C-4FD6-9E5B-7B960DCB2A9C}.Default|Any CPU.Build.0 = Debug|Any CPU
		{FFD7447B-FE8C-4FD6-9E5B-7B960DCB2A9C}.Default|x86.ActiveCfg = Debug|Any CPU
		{FFD7447B-FE8C-4FD6-9E5B-7B960DCB2A9C}.Default|x86.Build.0 = Debug|Any CPU
		{FFD7447B-FE8C-4FD6-9E5B-7B960DCB2A9C}.Release|Any CPU.ActiveCfg = Release|Any CPU
		{FFD7447B-FE8C-4FD6-9E5B-7B960DCB2A9C}.Release|Any CPU.Build.0 = Release|Any CPU
		{FFD7447B-FE8C-4FD6-9E5B-7B960DCB2A9C}.Release|x86.ActiveCfg = Release|Any CPU
		{FFD7447B-FE8C-4FD6-9E5B-7B960DCB2A9C}.Release|x86.Build.0 = Release|Any CPU
	EndGlobalSection
	GlobalSection(NestedProjects) = preSolution
		{51023BD2-9139-438D-B794-95E5EC023537} = {BB9AA113-C00B-491B-9A18-1545A767C0FC}
		{00200E76-C245-42A7-B567-5C30EDBCE977} = {BB9AA113-C00B-491B-9A18-1545A767C0FC}
		{374F37CF-1F27-4613-96FD-9B956A3D82B1} = {BB9AA113-C00B-491B-9A18-1545A767C0FC}
		{9D8BB6F7-373E-4FBC-B5E8-9709B4CE9A37} = {BB9AA113-C00B-491B-9A18-1545A767C0FC}
		{47693A2A-1F86-47CA-A170-CC0C195A53B7} = {BB9AA113-C00B-491B-9A18-1545A767C0FC}
		{06330E2B-9F3F-4A45-8B47-11795F5100FB} = {BB9AA113-C00B-491B-9A18-1545A767C0FC}
		{F2E30D04-82C7-487F-B9E8-E8BABB1C94E1} = {BB9AA113-C00B-491B-9A18-1545A767C0FC}
		{B1E4D2EC-5027-4F44-8C46-A0485DFF7060} = {BB9AA113-C00B-491B-9A18-1545A767C0FC}
		{513B8C1F-2BE4-46D6-B95D-836A1F36855E} = {BB9AA113-C00B-491B-9A18-1545A767C0FC}
		{0E257AB5-B560-462B-8B6C-631A90380D9E} = {BB9AA113-C00B-491B-9A18-1545A767C0FC}
		{38D21F02-C139-43C8-8B74-D84E22B89F50} = {BB9AA113-C00B-491B-9A18-1545A767C0FC}
		{5B43F245-AB0D-49FA-BC1E-1168103C7522} = {BB9AA113-C00B-491B-9A18-1545A767C0FC}
		{4C8EEE00-88BB-4A22-BEB2-68245D98CB78} = {BB9AA113-C00B-491B-9A18-1545A767C0FC}
		{C0297A33-3628-46E9-9324-408A72E2E922} = {BB9AA113-C00B-491B-9A18-1545A767C0FC}
		{672D72EC-89DA-4EF3-88CC-BEEC5BA478B2} = {BB9AA113-C00B-491B-9A18-1545A767C0FC}
		{264DE8C9-33D0-451E-9067-8BA0CF2BFACE} = {BB9AA113-C00B-491B-9A18-1545A767C0FC}
		{9B4C57BA-E09F-4439-98B4-B9B535A4ABF6} = {BB9AA113-C00B-491B-9A18-1545A767C0FC}
		{FEAA8674-9363-4BC7-B016-7BE984A2D185} = {BB9AA113-C00B-491B-9A18-1545A767C0FC}
		{FE111523-3266-409B-BC72-F8D4A909A554} = {BB9AA113-C00B-491B-9A18-1545A767C0FC}
		{F9D57571-FB42-455D-96DA-E1E11347A664} = {BB9AA113-C00B-491B-9A18-1545A767C0FC}
		{77AD91D9-4BD8-4899-9308-E6209265F636} = {BB9AA113-C00B-491B-9A18-1545A767C0FC}
		{7AFF0D94-4F70-4A1B-842C-24EA613807B7} = {BB9AA113-C00B-491B-9A18-1545A767C0FC}
		{660E9B93-FECD-4C76-893C-F9E63ADD708E} = {BB9AA113-C00B-491B-9A18-1545A767C0FC}
		{FFD7447B-FE8C-4FD6-9E5B-7B960DCB2A9C} = {BB9AA113-C00B-491B-9A18-1545A767C0FC}
	EndGlobalSection
	GlobalSection(SolutionProperties) = preSolution
		HideSolutionNode = FALSE
	EndGlobalSection
	GlobalSection(ExtensibilityGlobals) = postSolution
		SolutionGuid = {280FBEB0-C50B-4E59-B5A5-DDD9DC7C8660}
	EndGlobalSection
EndGlobal
